
Microsoft Visual Studio Solution File, Format Version 12.00
# Visual Studio 15
VisualStudioVersion = 15.0.28307.902
MinimumVisualStudioVersion = 10.0.40219.1
Project("{FAE04EC0-301F-11D3-BF4B-00C04F79EFBC}") = "NumberGenerator", "NumberGenerator\NumberGenerator.csproj", "{19C7F360-E12F-449C-B067-E3D6E2AA0BD7}"
EndProject
Global
	GlobalSection(SolutionConfigurationPlatforms) = preSolution
		Debug|Any CPU = Debug|Any CPU
		Release|Any CPU = Release|Any CPU
	EndGlobalSection
	GlobalSection(ProjectConfigurationPlatforms) = postSolution
		{19C7F360-E12F-449C-B067-E3D6E2AA0BD7}.Debug|Any CPU.ActiveCfg = Debug|Any CPU
		{19C7F360-E12F-449C-B067-E3D6E2AA0BD7}.Debug|Any CPU.Build.0 = Debug|Any CPU
		{19C7F360-E12F-449C-B067-E3D6E2AA0BD7}.Release|Any CPU.ActiveCfg = Release|Any CPU
		{19C7F360-E12F-449C-B067-E3D6E2AA0BD7}.Release|Any CPU.Build.0 = Release|Any CPU
	EndGlobalSection
	GlobalSection(SolutionProperties) = preSolution
		HideSolutionNode = FALSE
	EndGlobalSection
	GlobalSection(ExtensibilityGlobals) = postSolution
		SolutionGuid = {5D32487A-4078-42CD-B8A6-9F70424ABA5E}
	EndGlobalSection
EndGlobal
